
Microsoft Visual Studio Solution File, Format Version 12.00
# Visual Studio 2017
Project("{FAE04EC0-301F-11D3-BF4B-00C04F79EFBC}") = "FontisPublishingController.Plugins", "FontisPublishingController.Plugins.csproj", "{617C8DEE-9BA2-06A6-A8BA-B5F71BA5F90D}"
EndProject
Project("{FAE04EC0-301F-11D3-BF4B-00C04F79EFBC}") = "FontisPublishingController", "FontisPublishingController.csproj", "{3D412D85-F9A8-0EAC-0995-0D377A4B2CD1}"
EndProject
Project("{FAE04EC0-301F-11D3-BF4B-00C04F79EFBC}") = "FontisPublishingController.Editor.Plugins", "FontisPublishingController.Editor.Plugins.csproj", "{F75C8C52-E427-5B87-CEAC-9CA873969E11}"
EndProject
Global
	GlobalSection(SolutionConfigurationPlatforms) = preSolution
		Debug|Any CPU = Debug|Any CPU
		Release|Any CPU = Release|Any CPU
	EndGlobalSection
	GlobalSection(ProjectConfigurationPlatforms) = postSolution
		{617C8DEE-9BA2-06A6-A8BA-B5F71BA5F90D}.Debug|Any CPU.ActiveCfg = Debug|Any CPU
		{617C8DEE-9BA2-06A6-A8BA-B5F71BA5F90D}.Debug|Any CPU.Build.0 = Debug|Any CPU
		{617C8DEE-9BA2-06A6-A8BA-B5F71BA5F90D}.Release|Any CPU.ActiveCfg = Release|Any CPU
		{617C8DEE-9BA2-06A6-A8BA-B5F71BA5F90D}.Release|Any CPU.Build.0 = Release|Any CPU
		{3D412D85-F9A8-0EAC-0995-0D377A4B2CD1}.Debug|Any CPU.ActiveCfg = Debug|Any CPU
		{3D412D85-F9A8-0EAC-0995-0D377A4B2CD1}.Debug|Any CPU.Build.0 = Debug|Any CPU
		{3D412D85-F9A8-0EAC-0995-0D377A4B2CD1}.Release|Any CPU.ActiveCfg = Release|Any CPU
		{3D412D85-F9A8-0EAC-0995-0D377A4B2CD1}.Release|Any CPU.Build.0 = Release|Any CPU
		{F75C8C52-E427-5B87-CEAC-9CA873969E11}.Debug|Any CPU.ActiveCfg = Debug|Any CPU
		{F75C8C52-E427-5B87-CEAC-9CA873969E11}.Debug|Any CPU.Build.0 = Debug|Any CPU
		{F75C8C52-E427-5B87-CEAC-9CA873969E11}.Release|Any CPU.ActiveCfg = Release|Any CPU
		{F75C8C52-E427-5B87-CEAC-9CA873969E11}.Release|Any CPU.Build.0 = Release|Any CPU
	EndGlobalSection
	GlobalSection(SolutionProperties) = preSolution
		HideSolutionNode = FALSE
	EndGlobalSection
EndGlobal
